
Microsoft Visual Studio Solution File, Format Version 12.00
# Visual Studio Version 17
VisualStudioVersion = 17.9.34622.214
MinimumVisualStudioVersion = 10.0.40219.1
Project("{FAE04EC0-301F-11D3-BF4B-00C04F79EFBC}") = "CoronaClinic", "CoronaClinic\CoronaClinic.csproj", "{5FB5392D-9C34-41F1-94C0-AEA802BA40B3}"
EndProject
Global
	GlobalSection(SolutionConfigurationPlatforms) = preSolution
		Debug|Any CPU = Debug|Any CPU
		Release|Any CPU = Release|Any CPU
	EndGlobalSection
	GlobalSection(ProjectConfigurationPlatforms) = postSolution
		{5FB5392D-9C34-41F1-94C0-AEA802BA40B3}.Debug|Any CPU.ActiveCfg = Debug|Any CPU
		{5FB5392D-9C34-41F1-94C0-AEA802BA40B3}.Debug|Any CPU.Build.0 = Debug|Any CPU
		{5FB5392D-9C34-41F1-94C0-AEA802BA40B3}.Release|Any CPU.ActiveCfg = Release|Any CPU
		{5FB5392D-9C34-41F1-94C0-AEA802BA40B3}.Release|Any CPU.Build.0 = Release|Any CPU
	EndGlobalSection
	GlobalSection(SolutionProperties) = preSolution
		HideSolutionNode = FALSE
	EndGlobalSection
	GlobalSection(ExtensibilityGlobals) = postSolution
		SolutionGuid = {750C8637-0ACF-495F-A671-0F2BB72AFF0D}
	EndGlobalSection
EndGlobal
